github.com/ebitengine/purego v0.4.1 h1:atcZEBdukuoClmy7TI89amtqAsJUzDQyY/JU7HaK+io=
github.com/ebitengine/purego v0.4.1/go.mod h1:ah1In8AOtksoNK6yk5z1HTJeUkC1Ez4Wk2idgGslMwQ=
github.com/elemir/cbool v0.1.0 h1:/1R7FvNLn12uLlffoDhbT5imh2hMtsS/KcmaEycfARA=
github.com/elemir/cbool v0.1.0/go.mod h1:6faDmHZJHgVMmNOqHuPLPr+SkecjxP26SEjFPu92bkI=
github.com/elemir/nukeykt v0.1.0 h1:3rAikE0e1sUxCjf6rUArVDjYmoNlnErXeGRuTkiVYiQ=
github.com/elemir/nukeykt v0.1.0/go.mod h1:sJQziK+D5M+KSTmzb0FOoORLIoK732wCgfxsluT7xMc=
github.com/hajimehoshi/oto/v2 v2.4.2 h1:uPZq5xEnOv8nIy4eMoDkakLb99YxoNv5XHL7Mm6zHwU=
github.com/hajimehoshi/oto/v2 v2.4.2/go.mod h1:tINhdh4kCNJ8N19zqp0Lk/wMFv5WQJYkqnnEZ5W5WtE=
golang.org/x/exp v0.0.0-20250506013437-ce4c2cf36ca6 h1:y5zboxd6LQAqYIhHnB48p0ByQ/GnQx2BE33L8BOHQkI=
golang.org/x/exp v0.0.0-20250506013437-ce4c2cf36ca6/go.mod h1:U6Lno4MTRCDY+Ba7aCcauB9T60gsv5s4ralQzP72ZoQ=
golang.org/x/sys v0.7.0 h1:3jlCCIQZPdOYu1h8BkNvLz8Kgwtae2cagcG/VamtZRU=
golang.org/x/sys v0.7.0/go.mod h1:oPkhp1MJrh7nUepCBck5+mAzfO9JrbApNNgaTdGDITg=
